
Microsoft Visual Studio Solution File, Format Version 12.00
# Visual Studio Version 17
VisualStudioVersion = 17.4.33122.133
MinimumVisualStudioVersion = 10.0.40219.1
Project("{FAE04EC0-301F-11D3-BF4B-00C04F79EFBC}") = "MOON.Web", "MOON.Web\MOON.Web.csproj", "{489F7564-651D-4D4B-9668-F22E39E46062}"
EndProject
Project("{FAE04EC0-301F-11D3-BF4B-00C04F79EFBC}") = "MOON.DAO", "MOON.DAO\MOON.DAO.csproj", "{6148DA0D-4167-4B35-BD86-F9991C7B0D42}"
EndProject
Project("{FAE04EC0-301F-11D3-BF4B-00C04F79EFBC}") = "MOON.Entities", "MOON.Entities\MOON.Entities.csproj", "{89510EE5-8DB6-444C-9862-BB40453A710D}"
EndProject
Project("{FAE04EC0-301F-11D3-BF4B-00C04F79EFBC}") = "MOON.Services", "MOON.Services\MOON.Services.csproj", "{9FE664DC-0EBC-413C-BD22-FD04680F17BF}"
EndProject
Global
	GlobalSection(SolutionConfigurationPlatforms) = preSolution
		Debug|Any CPU = Debug|Any CPU
		Release|Any CPU = Release|Any CPU
	EndGlobalSection
	GlobalSection(ProjectConfigurationPlatforms) = postSolution
		{489F7564-651D-4D4B-9668-F22E39E46062}.Debug|Any CPU.ActiveCfg = Debug|Any CPU
		{489F7564-651D-4D4B-9668-F22E39E46062}.Debug|Any CPU.Build.0 = Debug|Any CPU
		{489F7564-651D-4D4B-9668-F22E39E46062}.Release|Any CPU.ActiveCfg = Release|Any CPU
		{489F7564-651D-4D4B-9668-F22E39E46062}.Release|Any CPU.Build.0 = Release|Any CPU
		{6148DA0D-4167-4B35-BD86-F9991C7B0D42}.Debug|Any CPU.ActiveCfg = Debug|Any CPU
		{6148DA0D-4167-4B35-BD86-F9991C7B0D42}.Debug|Any CPU.Build.0 = Debug|Any CPU
		{6148DA0D-4167-4B35-BD86-F9991C7B0D42}.Release|Any CPU.ActiveCfg = Release|Any CPU
		{6148DA0D-4167-4B35-BD86-F9991C7B0D42}.Release|Any CPU.Build.0 = Release|Any CPU
		{89510EE5-8DB6-444C-9862-BB40453A710D}.Debug|Any CPU.ActiveCfg = Debug|Any CPU
		{89510EE5-8DB6-444C-9862-BB40453A710D}.Debug|Any CPU.Build.0 = Debug|Any CPU
		{89510EE5-8DB6-444C-9862-BB40453A710D}.Release|Any CPU.ActiveCfg = Release|Any CPU
		{89510EE5-8DB6-444C-9862-BB40453A710D}.Release|Any CPU.Build.0 = Release|Any CPU
		{9FE664DC-0EBC-413C-BD22-FD04680F17BF}.Debug|Any CPU.ActiveCfg = Debug|Any CPU
		{9FE664DC-0EBC-413C-BD22-FD04680F17BF}.Debug|Any CPU.Build.0 = Debug|Any CPU
		{9FE664DC-0EBC-413C-BD22-FD04680F17BF}.Release|Any CPU.ActiveCfg = Release|Any CPU
		{9FE664DC-0EBC-413C-BD22-FD04680F17BF}.Release|Any CPU.Build.0 = Release|Any CPU
	EndGlobalSection
	GlobalSection(SolutionProperties) = preSolution
		HideSolutionNode = FALSE
	EndGlobalSection
	GlobalSection(ExtensibilityGlobals) = postSolution
		SolutionGuid = {AA3A5030-D85D-48CC-B979-40A51544B163}
	EndGlobalSection
EndGlobal
